
Microsoft Visual Studio Solution File, Format Version 12.00
# Visual Studio Version 17
VisualStudioVersion = 17.0.32112.339
MinimumVisualStudioVersion = 10.0.40219.1
Project("{FAE04EC0-301F-11D3-BF4B-00C04F79EFBC}") = "renklerin_dili", "renklerin_dili.csproj", "{033DD3DF-68E4-4CF2-B9F7-1F4E1CA42666}"
EndProject
Global
	GlobalSection(SolutionConfigurationPlatforms) = preSolution
		Debug|Any CPU = Debug|Any CPU
		Release|Any CPU = Release|Any CPU
	EndGlobalSection
	GlobalSection(ProjectConfigurationPlatforms) = postSolution
		{033DD3DF-68E4-4CF2-B9F7-1F4E1CA42666}.Debug|Any CPU.ActiveCfg = Debug|Any CPU
		{033DD3DF-68E4-4CF2-B9F7-1F4E1CA42666}.Debug|Any CPU.Build.0 = Debug|Any CPU
		{033DD3DF-68E4-4CF2-B9F7-1F4E1CA42666}.Release|Any CPU.ActiveCfg = Release|Any CPU
		{033DD3DF-68E4-4CF2-B9F7-1F4E1CA42666}.Release|Any CPU.Build.0 = Release|Any CPU
	EndGlobalSection
	GlobalSection(SolutionProperties) = preSolution
		HideSolutionNode = FALSE
	EndGlobalSection
	GlobalSection(ExtensibilityGlobals) = postSolution
		SolutionGuid = {C8AD767B-C614-4395-9EB4-A68DD9EDBB54}
	EndGlobalSection
EndGlobal
