
Microsoft Visual Studio Solution File, Format Version 12.00
# Visual Studio Version 17
VisualStudioVersion = 17.0.32112.339
MinimumVisualStudioVersion = 10.0.40219.1
Project("{FAE04EC0-301F-11D3-BF4B-00C04F79EFBC}") = "oop_in_sharp", "oop_in_sharp.csproj", "{2E805F21-2983-4F8A-AC27-2A0B1B27374C}"
EndProject
Global
	GlobalSection(SolutionConfigurationPlatforms) = preSolution
		Debug|Any CPU = Debug|Any CPU
		Release|Any CPU = Release|Any CPU
	EndGlobalSection
	GlobalSection(ProjectConfigurationPlatforms) = postSolution
		{2E805F21-2983-4F8A-AC27-2A0B1B27374C}.Debug|Any CPU.ActiveCfg = Debug|Any CPU
		{2E805F21-2983-4F8A-AC27-2A0B1B27374C}.Debug|Any CPU.Build.0 = Debug|Any CPU
		{2E805F21-2983-4F8A-AC27-2A0B1B27374C}.Release|Any CPU.ActiveCfg = Release|Any CPU
		{2E805F21-2983-4F8A-AC27-2A0B1B27374C}.Release|Any CPU.Build.0 = Release|Any CPU
	EndGlobalSection
	GlobalSection(SolutionProperties) = preSolution
		HideSolutionNode = FALSE
	EndGlobalSection
	GlobalSection(ExtensibilityGlobals) = postSolution
		SolutionGuid = {C7106C98-62AD-45B0-AC73-4F12CA1B0B0C}
	EndGlobalSection
EndGlobal
